// !$*UTF8*$!
{
	archiveVersion = 1;
	classes = {
	};
	objectVersion = 48;
	objects = {

/* Begin PBXBuildFile section */
		41F4F447206A969800025D60 /* AppDelegate.swift in Sources */ = {isa = PBXBuildFile; fileRef = 41F4F446206A969800025D60 /* AppDelegate.swift */; };
		41F4F449206A969800025D60 /* MainVC.swift in Sources */ = {isa = PBXBuildFile; fileRef = 41F4F448206A969800025D60 /* MainVC.swift */; };
		41F4F44C206A969800025D60 /* Main.storyboard in Resources */ = {isa = PBXBuildFile; fileRef = 41F4F44A206A969800025D60 /* Main.storyboard */; };
		41F4F44F206A969800025D60 /* DreamLister_2.xcdatamodeld in Sources */ = {isa = PBXBuildFile; fileRef = 41F4F44D206A969800025D60 /* DreamLister_2.xcdatamodeld */; };
		41F4F451206A969800025D60 /* Assets.xcassets in Resources */ = {isa = PBXBuildFile; fileRef = 41F4F450206A969800025D60 /* Assets.xcassets */; };
		41F4F454206A969800025D60 /* LaunchScreen.storyboard in Resources */ = {isa = PBXBuildFile; fileRef = 41F4F452206A969800025D60 /* LaunchScreen.storyboard */; };
		41F4F463206A9B6200025D60 /* ItemType+CoreDataClass.swift in Sources */ = {isa = PBXBuildFile; fileRef = 41F4F45B206A9B6200025D60 /* ItemType+CoreDataClass.swift */; };
		41F4F464206A9B6200025D60 /* ItemType+CoreDataProperties.swift in Sources */ = {isa = PBXBuildFile; fileRef = 41F4F45C206A9B6200025D60 /* ItemType+CoreDataProperties.swift */; };
		41F4F465206A9B6200025D60 /* Image+CoreDataClass.swift in Sources */ = {isa = PBXBuildFile; fileRef = 41F4F45D206A9B6200025D60 /* Image+CoreDataClass.swift */; };
		41F4F466206A9B6200025D60 /* Image+CoreDataProperties.swift in Sources */ = {isa = PBXBuildFile; fileRef = 41F4F45E206A9B6200025D60 /* Image+CoreDataProperties.swift */; };
		41F4F467206A9B6200025D60 /* Item+CoreDataClass.swift in Sources */ = {isa = PBXBuildFile; fileRef = 41F4F45F206A9B6200025D60 /* Item+CoreDataClass.swift */; };
		41F4F468206A9B6200025D60 /* Item+CoreDataProperties.swift in Sources */ = {isa = PBXBuildFile; fileRef = 41F4F460206A9B6200025D60 /* Item+CoreDataProperties.swift */; };
		41F4F469206A9B6200025D60 /* Store+CoreDataClass.swift in Sources */ = {isa = PBXBuildFile; fileRef = 41F4F461206A9B6200025D60 /* Store+CoreDataClass.swift */; };
		41F4F46A206A9B6200025D60 /* Store+CoreDataProperties.swift in Sources */ = {isa = PBXBuildFile; fileRef = 41F4F462206A9B6200025D60 /* Store+CoreDataProperties.swift */; };
		41F4F46F206A9D8F00025D60 /* ItemCell.swift in Sources */ = {isa = PBXBuildFile; fileRef = 41F4F46E206A9D8F00025D60 /* ItemCell.swift */; };
		41F79DF6206BB620000ADC2B /* MaterialView.swift in Sources */ = {isa = PBXBuildFile; fileRef = 41F79DF5206BB620000ADC2B /* MaterialView.swift */; };
		41F79DF9206BBDB1000ADC2B /* ItemDetailsVC.swift in Sources */ = {isa = PBXBuildFile; fileRef = 41F79DF8206BBDB1000ADC2B /* ItemDetailsVC.swift */; };
		41F79DFB206BC0F4000ADC2B /* CustomTextField.swift in Sources */ = {isa = PBXBuildFile; fileRef = 41F79DFA206BC0F4000ADC2B /* CustomTextField.swift */; };
/* End PBXBuildFile section */

/* Begin PBXFileReference section */
		41F4F443206A969800025D60 /* DreamLister-2.app */ = {isa = PBXFileReference; explicitFileType = wrapper.application; includeInIndex = 0; path = "DreamLister-2.app"; sourceTree = BUILT_PRODUCTS_DIR; };
		41F4F446206A969800025D60 /* AppDelegate.swift */ = {isa = PBXFileReference; lastKnownFileType = sourcecode.swift; path = AppDelegate.swift; sourceTree = "<group>"; };
		41F4F448206A969800025D60 /* MainVC.swift */ = {isa = PBXFileReference; lastKnownFileType = sourcecode.swift; path = MainVC.swift; sourceTree = "<group>"; };
		41F4F44B206A969800025D60 /* Base */ = {isa = PBXFileReference; lastKnownFileType = file.storyboard; name = Base; path = Base.lproj/Main.storyboard; sourceTree = "<group>"; };
		41F4F44E206A969800025D60 /* DreamLister_2.xcdatamodel */ = {isa = PBXFileReference; lastKnownFileType = wrapper.xcdatamodel; path = DreamLister_2.xcdatamodel; sourceTree = "<group>"; };
		41F4F450206A969800025D60 /* Assets.xcassets */ = {isa = PBXFileReference; lastKnownFileType = folder.assetcatalog; path = Assets.xcassets; sourceTree = "<group>"; };
		41F4F453206A969800025D60 /* Base */ = {isa = PBXFileReference; lastKnownFileType = file.storyboard; name = Base; path = Base.lproj/LaunchScreen.storyboard; sourceTree = "<group>"; };
		41F4F455206A969800025D60 /* Info.plist */ = {isa = PBXFileReference; lastKnownFileType = text.plist.xml; path = Info.plist; sourceTree = "<group>"; };
		41F4F45B206A9B6200025D60 /* ItemType+CoreDataClass.swift */ = {isa = PBXFileReference; lastKnownFileType = sourcecode.swift; path = "ItemType+CoreDataClass.swift"; sourceTree = "<group>"; };
		41F4F45C206A9B6200025D60 /* ItemType+CoreDataProperties.swift */ = {isa = PBXFileReference; lastKnownFileType = sourcecode.swift; path = "ItemType+CoreDataProperties.swift"; sourceTree = "<group>"; };
		41F4F45D206A9B6200025D60 /* Image+CoreDataClass.swift */ = {isa = PBXFileReference; lastKnownFileType = sourcecode.swift; path = "Image+CoreDataClass.swift"; sourceTree = "<group>"; };
		41F4F45E206A9B6200025D60 /* Image+CoreDataProperties.swift */ = {isa = PBXFileReference; lastKnownFileType = sourcecode.swift; path = "Image+CoreDataProperties.swift"; sourceTree = "<group>"; };
		41F4F45F206A9B6200025D60 /* Item+CoreDataClass.swift */ = {isa = PBXFileReference; lastKnownFileType = sourcecode.swift; path = "Item+CoreDataClass.swift"; sourceTree = "<group>"; };
		41F4F460206A9B6200025D60 /* Item+CoreDataProperties.swift */ = {isa = PBXFileReference; lastKnownFileType = sourcecode.swift; path = "Item+CoreDataProperties.swift"; sourceTree = "<group>"; };
		41F4F461206A9B6200025D60 /* Store+CoreDataClass.swift */ = {isa = PBXFileReference; lastKnownFileType = sourcecode.swift; path = "Store+CoreDataClass.swift"; sourceTree = "<group>"; };
		41F4F462206A9B6200025D60 /* Store+CoreDataProperties.swift */ = {isa = PBXFileReference; lastKnownFileType = sourcecode.swift; path = "Store+CoreDataProperties.swift"; sourceTree = "<group>"; };
		41F4F46E206A9D8F00025D60 /* ItemCell.swift */ = {isa = PBXFileReference; lastKnownFileType = sourcecode.swift; path = ItemCell.swift; sourceTree = "<group>"; };
		41F79DF5206BB620000ADC2B /* MaterialView.swift */ = {isa = PBXFileReference; lastKnownFileType = sourcecode.swift; path = MaterialView.swift; sourceTree = "<group>"; };
		41F79DF8206BBDB1000ADC2B /* ItemDetailsVC.swift */ = {isa = PBXFileReference; lastKnownFileType = sourcecode.swift; path = ItemDetailsVC.swift; sourceTree = "<group>"; };
		41F79DFA206BC0F4000ADC2B /* CustomTextField.swift */ = {isa = PBXFileReference; fileEncoding = 4; lastKnownFileType = sourcecode.swift; path = CustomTextField.swift; sourceTree = "<group>"; };
/* End PBXFileReference section */

/* Begin PBXFrameworksBuildPhase section */
		41F4F440206A969800025D60 /* Frameworks */ = {
			isa = PBXFrameworksBuildPhase;
			buildActionMask = 2147483647;
			files = (
			);
			runOnlyForDeploymentPostprocessing = 0;
		};
/* End PBXFrameworksBuildPhase section */

/* Begin PBXGroup section */
		41F4F43A206A969700025D60 = {
			isa = PBXGroup;
			children = (
				41F4F445206A969800025D60 /* DreamLister-2 */,
				41F4F444206A969800025D60 /* Products */,
			);
			sourceTree = "<group>";
		};
		41F4F444206A969800025D60 /* Products */ = {
			isa = PBXGroup;
			children = (
				41F4F443206A969800025D60 /* DreamLister-2.app */,
			);
			name = Products;
			sourceTree = "<group>";
		};
		41F4F445206A969800025D60 /* DreamLister-2 */ = {
			isa = PBXGroup;
			children = (
				41F4F46D206A9D7600025D60 /* View */,
				41F4F46B206A9B8800025D60 /* Model */,
				41F79DF7206BBD84000ADC2B /* Controller */,
				41F4F446206A969800025D60 /* AppDelegate.swift */,
				41F4F44A206A969800025D60 /* Main.storyboard */,
				41F4F450206A969800025D60 /* Assets.xcassets */,
				41F4F452206A969800025D60 /* LaunchScreen.storyboard */,
				41F4F455206A969800025D60 /* Info.plist */,
				41F4F44D206A969800025D60 /* DreamLister_2.xcdatamodeld */,
			);
			path = "DreamLister-2";
			sourceTree = "<group>";
		};
		41F4F46B206A9B8800025D60 /* Model */ = {
			isa = PBXGroup;
			children = (
				41F4F45B206A9B6200025D60 /* ItemType+CoreDataClass.swift */,
				41F4F45D206A9B6200025D60 /* Image+CoreDataClass.swift */,
				41F4F45F206A9B6200025D60 /* Item+CoreDataClass.swift */,
				41F4F461206A9B6200025D60 /* Store+CoreDataClass.swift */,
				41F4F46C206A9B9700025D60 /* Generated */,
			);
			path = Model;
			sourceTree = "<group>";
		};
		41F4F46C206A9B9700025D60 /* Generated */ = {
			isa = PBXGroup;
			children = (
				41F4F45C206A9B6200025D60 /* ItemType+CoreDataProperties.swift */,
				41F4F45E206A9B6200025D60 /* Image+CoreDataProperties.swift */,
				41F4F460206A9B6200025D60 /* Item+CoreDataProperties.swift */,
				41F4F462206A9B6200025D60 /* Store+CoreDataProperties.swift */,
			);
			path = Generated;
			sourceTree = "<group>";
		};
		41F4F46D206A9D7600025D60 /* View */ = {
			isa = PBXGroup;
			children = (
				41F4F46E206A9D8F00025D60 /* ItemCell.swift */,
				41F79DF5206BB620000ADC2B /* MaterialView.swift */,
				41F79DFA206BC0F4000ADC2B /* CustomTextField.swift */,
			);
			path = View;
			sourceTree = "<group>";
		};
		41F79DF7206BBD84000ADC2B /* Controller */ = {
			isa = PBXGroup;
			children = (
				41F4F448206A969800025D60 /* MainVC.swift */,
				41F79DF8206BBDB1000ADC2B /* ItemDetailsVC.swift */,
			);
			path = Controller;
			sourceTree = "<group>";
		};
/* End PBXGroup section */

/* Begin PBXNativeTarget section */
		41F4F442206A969800025D60 /* DreamLister-2 */ = {
			isa = PBXNativeTarget;
			buildConfigurationList = 41F4F458206A969800025D60 /* Build configuration list for PBXNativeTarget "DreamLister-2" */;
			buildPhases = (
				41F4F43F206A969800025D60 /* Sources */,
				41F4F440206A969800025D60 /* Frameworks */,
				41F4F441206A969800025D60 /* Resources */,
			);
			buildRules = (
			);
			dependencies = (
			);
			name = "DreamLister-2";
			productName = "DreamLister-2";
			productReference = 41F4F443206A969800025D60 /* DreamLister-2.app */;
			productType = "com.apple.product-type.application";
		};
/* End PBXNativeTarget section */

/* Begin PBXProject section */
		41F4F43B206A969700025D60 /* Project object */ = {
			isa = PBXProject;
			attributes = {
				LastSwiftUpdateCheck = 0920;
				LastUpgradeCheck = 0920;
				ORGANIZATIONNAME = Alibi;
				TargetAttributes = {
					41F4F442206A969800025D60 = {
						CreatedOnToolsVersion = 9.2;
						ProvisioningStyle = Automatic;
					};
				};
			};
			buildConfigurationList = 41F4F43E206A969800025D60 /* Build configuration list for PBXProject "DreamLister-2" */;
			compatibilityVersion = "Xcode 8.0";
			developmentRegion = en;
			hasScannedForEncodings = 0;
			knownRegions = (
				en,
				Base,
			);
			mainGroup = 41F4F43A206A969700025D60;
			productRefGroup = 41F4F444206A969800025D60 /* Products */;
			projectDirPath = "";
			projectRoot = "";
			targets = (
				41F4F442206A969800025D60 /* DreamLister-2 */,
			);
		};
/* End PBXProject section */

/* Begin PBXResourcesBuildPhase section */
		41F4F441206A969800025D60 /* Resources */ = {
			isa = PBXResourcesBuildPhase;
			buildActionMask = 2147483647;
			files = (
				41F4F454206A969800025D60 /* LaunchScreen.storyboard in Resources */,
				41F4F451206A969800025D60 /* Assets.xcassets in Resources */,
				41F4F44C206A969800025D60 /* Main.storyboard in Resources */,
			);
			runOnlyForDeploymentPostprocessing = 0;
		};
/* End PBXResourcesBuildPhase section */

/* Begin PBXSourcesBuildPhase section */
		41F4F43F206A969800025D60 /* Sources */ = {
			isa = PBXSourcesBuildPhase;
			buildActionMask = 2147483647;
			files = (
				41F4F463206A9B6200025D60 /* ItemType+CoreDataClass.swift in Sources */,
				41F4F464206A9B6200025D60 /* ItemType+CoreDataProperties.swift in Sources */,
				41F4F449206A969800025D60 /* MainVC.swift in Sources */,
				41F79DF6206BB620000ADC2B /* MaterialView.swift in Sources */,
				41F4F465206A9B6200025D60 /* Image+CoreDataClass.swift in Sources */,
				41F4F46A206A9B6200025D60 /* Store+CoreDataProperties.swift in Sources */,
				41F4F44F206A969800025D60 /* DreamLister_2.xcdatamodeld in Sources */,
				41F4F447206A969800025D60 /* AppDelegate.swift in Sources */,
				41F79DF9206BBDB1000ADC2B /* ItemDetailsVC.swift in Sources */,
				41F4F468206A9B6200025D60 /* Item+CoreDataProperties.swift in Sources */,
				41F4F46F206A9D8F00025D60 /* ItemCell.swift in Sources */,
				41F4F469206A9B6200025D60 /* Store+CoreDataClass.swift in Sources */,
				41F4F467206A9B6200025D60 /* Item+CoreDataClass.swift in Sources */,
				41F4F466206A9B6200025D60 /* Image+CoreDataProperties.swift in Sources */,
				41F79DFB206BC0F4000ADC2B /* CustomTextField.swift in Sources */,
			);
			runOnlyForDeploymentPostprocessing = 0;
		};
/* End PBXSourcesBuildPhase section */

/* Begin PBXVariantGroup section */
		41F4F44A206A969800025D60 /* Main.storyboard */ = {
			isa = PBXVariantGroup;
			children = (
				41F4F44B206A969800025D60 /* Base */,
			);
			name = Main.storyboard;
			sourceTree = "<group>";
		};
		41F4F452206A969800025D60 /* LaunchScreen.storyboard */ = {
			isa = PBXVariantGroup;
			children = (
				41F4F453206A969800025D60 /* Base */,
			);
			name = LaunchScreen.storyboard;
			sourceTree = "<group>";
		};
/* End PBXVariantGroup section */

/* Begin XCBuildConfiguration section */
		41F4F456206A969800025D60 /* Debug */ = {
			isa = XCBuildConfiguration;
			buildSettings = {
				ALWAYS_SEARCH_USER_PATHS = NO;
				CLANG_ANALYZER_NONNULL = YES;
				CLANG_ANALYZER_NUMBER_OBJECT_CONVERSION = YES_AGGRESSIVE;
				CLANG_CXX_LANGUAGE_STANDARD = "gnu++14";
				CLANG_CXX_LIBRARY = "libc++";
				CLANG_ENABLE_MODULES = YES;
				CLANG_ENABLE_OBJC_ARC = YES;
				CLANG_WARN_BLOCK_CAPTURE_AUTORELEASING = YES;
				CLANG_WARN_BOOL_CONVERSION = YES;
				CLANG_WARN_COMMA = YES;
				CLANG_WARN_CONSTANT_CONVERSION = YES;
				CLANG_WARN_DIRECT_OBJC_ISA_USAGE = YES_ERROR;
				CLANG_WARN_DOCUMENTATION_COMMENTS = YES;
				CLANG_WARN_EMPTY_BODY = YES;
				CLANG_WARN_ENUM_CONVERSION = YES;
				CLANG_WARN_INFINITE_RECURSION = YES;
				CLANG_WARN_INT_CONVERSION = YES;
				CLANG_WARN_NON_LITERAL_NULL_CONVERSION = YES;
				CLANG_WARN_OBJC_LITERAL_CONVERSION = YES;
				CLANG_WARN_OBJC_ROOT_CLASS = YES_ERROR;
				CLANG_WARN_RANGE_LOOP_ANALYSIS = YES;
				CLANG_WARN_STRICT_PROTOTYPES = YES;
				CLANG_WARN_SUSPICIOUS_MOVE = YES;
				CLANG_WARN_UNGUARDED_AVAILABILITY = YES_AGGRESSIVE;
				CLANG_WARN_UNREACHABLE_CODE = YES;
				CLANG_WARN__DUPLICATE_METHOD_MATCH = YES;
				CODE_SIGN_IDENTITY = "iPhone Developer";
				COPY_PHASE_STRIP = NO;
				DEBUG_INFORMATION_FORMAT = dwarf;
				ENABLE_STRICT_OBJC_MSGSEND = YES;
				ENABLE_TESTABILITY = YES;
				GCC_C_LANGUAGE_STANDARD = gnu11;
				GCC_DYNAMIC_NO_PIC = NO;
				GCC_NO_COMMON_BLOCKS = YES;
				GCC_OPTIMIZATION_LEVEL = 0;
				GCC_PREPROCESSOR_DEFINITIONS = (
					"DEBUG=1",
					"$(inherited)",
				);
				GCC_WARN_64_TO_32_BIT_CONVERSION = YES;
				GCC_WARN_ABOUT_RETURN_TYPE = YES_ERROR;
				GCC_WARN_UNDECLARED_SELECTOR = YES;
				GCC_WARN_UNINITIALIZED_AUTOS = YES_AGGRESSIVE;
				GCC_WARN_UNUSED_FUNCTION = YES;
				GCC_WARN_UNUSED_VARIABLE = YES;
				IPHONEOS_DEPLOYMENT_TARGET = 11.2;
				MTL_ENABLE_DEBUG_INFO = YES;
				ONLY_ACTIVE_ARCH = YES;
				SDKROOT = iphoneos;
				SWIFT_ACTIVE_COMPILATION_CONDITIONS = DEBUG;
				SWIFT_OPTIMIZATION_LEVEL = "-Onone";
			};
			name = Debug;
		};
		41F4F457206A969800025D60 /* Release */ = {
			isa = XCBuildConfiguration;
			buildSettings = {
				ALWAYS_SEARCH_USER_PATHS = NO;
				CLANG_ANALYZER_NONNULL = YES;
				CLANG_ANALYZER_NUMBER_OBJECT_CONVERSION = YES_AGGRESSIVE;
				CLANG_CXX_LANGUAGE_STANDARD = "gnu++14";
				CLANG_CXX_LIBRARY = "libc++";
				CLANG_ENABLE_MODULES = YES;
				CLANG_ENABLE_OBJC_ARC = YES;
				CLANG_WARN_BLOCK_CAPTURE_AUTORELEASING = YES;
				CLANG_WARN_BOOL_CONVERSION = YES;
				CLANG_WARN_COMMA = YES;
				CLANG_WARN_CONSTANT_CONVERSION = YES;
				CLANG_WARN_DIRECT_OBJC_ISA_USAGE = YES_ERROR;
				CLANG_WARN_DOCUMENTATION_COMMENTS = YES;
				CLANG_WARN_EMPTY_BODY = YES;
				CLANG_WARN_ENUM_CONVERSION = YES;
				CLANG_WARN_INFINITE_RECURSION = YES;
				CLANG_WARN_INT_CONVERSION = YES;
				CLANG_WARN_NON_LITERAL_NULL_CONVERSION = YES;
				CLANG_WARN_OBJC_LITERAL_CONVERSION = YES;
				CLANG_WARN_OBJC_ROOT_CLASS = YES_ERROR;
				CLANG_WARN_RANGE_LOOP_ANALYSIS = YES;
				CLANG_WARN_STRICT_PROTOTYPES = YES;
				CLANG_WARN_SUSPICIOUS_MOVE = YES;
				CLANG_WARN_UNGUARDED_AVAILABILITY = YES_AGGRESSIVE;
				CLANG_WARN_UNREACHABLE_CODE = YES;
				CLANG_WARN__DUPLICATE_METHOD_MATCH = YES;
				CODE_SIGN_IDENTITY = "iPhone Developer";
				COPY_PHASE_STRIP = NO;
				DEBUG_INFORMATION_FORMAT = "dwarf-with-dsym";
				ENABLE_NS_ASSERTIONS = NO;
				ENABLE_STRICT_OBJC_MSGSEND = YES;
				GCC_C_LANGUAGE_STANDARD = gnu11;
				GCC_NO_COMMON_BLOCKS = YES;
				GCC_WARN_64_TO_32_BIT_CONVERSION = YES;
				GCC_WARN_ABOUT_RETURN_TYPE = YES_ERROR;
				GCC_WARN_UNDECLARED_SELECTOR = YES;
				GCC_WARN_UNINITIALIZED_AUTOS = YES_AGGRESSIVE;
				GCC_WARN_UNUSED_FUNCTION = YES;
				GCC_WARN_UNUSED_VARIABLE = YES;
				IPHONEOS_DEPLOYMENT_TARGET = 11.2;
				MTL_ENABLE_DEBUG_INFO = NO;
				SDKROOT = iphoneos;
				SWIFT_OPTIMIZATION_LEVEL = "-Owholemodule";
				VALIDATE_PRODUCT = YES;
			};
			name = Release;
		};
		41F4F459206A969800025D60 /* Debug */ = {
			isa = XCBuildConfiguration;
			buildSettings = {
				ASSETCATALOG_COMPILER_APPICON_NAME = AppIcon;
				CODE_SIGN_STYLE = Automatic;
				DEVELOPMENT_TEAM = M3VBZQ2T2N;
				INFOPLIST_FILE = "DreamLister-2/Info.plist";
				LD_RUNPATH_SEARCH_PATHS = "$(inherited) @executable_path/Frameworks";
				PRODUCT_BUNDLE_IDENTIFIER = "com.alibi.DreamLister-2";
				PRODUCT_NAME = "$(TARGET_NAME)";
				SWIFT_VERSION = 4.0;
				TARGETED_DEVICE_FAMILY = "1,2";
			};
			name = Debug;
		};
		41F4F45A206A969800025D60 /* Release */ = {
			isa = XCBuildConfiguration;
			buildSettings = {
				ASSETCATALOG_COMPILER_APPICON_NAME = AppIcon;
				CODE_SIGN_STYLE = Automatic;
				DEVELOPMENT_TEAM = M3VBZQ2T2N;
				INFOPLIST_FILE = "DreamLister-2/Info.plist";
				LD_RUNPATH_SEARCH_PATHS = "$(inherited) @executable_path/Frameworks";
				PRODUCT_BUNDLE_IDENTIFIER = "com.alibi.DreamLister-2";
				PRODUCT_NAME = "$(TARGET_NAME)";
				SWIFT_VERSION = 4.0;
				TARGETED_DEVICE_FAMILY = "1,2";
			};
			name = Release;
		};
/* End XCBuildConfiguration section */

/* Begin XCConfigurationList section */
		41F4F43E206A969800025D60 /* Build configuration list for PBXProject "DreamLister-2" */ = {
			isa = XCConfigurationList;
			buildConfigurations = (
				41F4F456206A969800025D60 /* Debug */,
				41F4F457206A969800025D60 /* Release */,
			);
			defaultConfigurationIsVisible = 0;
			defaultConfigurationName = Release;
		};
		41F4F458206A969800025D60 /* Build configuration list for PBXNativeTarget "DreamLister-2" */ = {
			isa = XCConfigurationList;
			buildConfigurations = (
				41F4F459206A969800025D60 /* Debug */,
				41F4F45A206A969800025D60 /* Release */,
			);
			defaultConfigurationIsVisible = 0;
			defaultConfigurationName = Release;
		};
/* End XCConfigurationList section */

/* Begin XCVersionGroup section */
		41F4F44D206A969800025D60 /* DreamLister_2.xcdatamodeld */ = {
			isa = XCVersionGroup;
			children = (
				41F4F44E206A969800025D60 /* DreamLister_2.xcdatamodel */,
			);
			currentVersion = 41F4F44E206A969800025D60 /* DreamLister_2.xcdatamodel */;
			path = DreamLister_2.xcdatamodeld;
			sourceTree = "<group>";
			versionGroupType = wrapper.xcdatamodel;
		};
/* End XCVersionGroup section */
	};
	rootObject = 41F4F43B206A969700025D60 /* Project object */;
}
