// !$*UTF8*$!
{
	archiveVersion = 1;
	classes = {
	};
	objectVersion = 48;
	objects = {

/* Begin PBXBuildFile section */
		414AA7D7201CC6BB00C143D5 /* AppDelegate.swift in Sources */ = {isa = PBXBuildFile; fileRef = 414AA7D6201CC6BB00C143D5 /* AppDelegate.swift */; };
		414AA7D9201CC6BB00C143D5 /* ViewController.swift in Sources */ = {isa = PBXBuildFile; fileRef = 414AA7D8201CC6BB00C143D5 /* ViewController.swift */; };
		414AA7DC201CC6BB00C143D5 /* Main.storyboard in Resources */ = {isa = PBXBuildFile; fileRef = 414AA7DA201CC6BB00C143D5 /* Main.storyboard */; };
		414AA7DE201CC6BB00C143D5 /* Assets.xcassets in Resources */ = {isa = PBXBuildFile; fileRef = 414AA7DD201CC6BB00C143D5 /* Assets.xcassets */; };
		414AA7E1201CC6BB00C143D5 /* LaunchScreen.storyboard in Resources */ = {isa = PBXBuildFile; fileRef = 414AA7DF201CC6BB00C143D5 /* LaunchScreen.storyboard */; };
/* End PBXBuildFile section */

/* Begin PBXFileReference section */
		414AA7D3201CC6BB00C143D5 /* Color matching.app */ = {isa = PBXFileReference; explicitFileType = wrapper.application; includeInIndex = 0; path = "Color matching.app"; sourceTree = BUILT_PRODUCTS_DIR; };
		414AA7D6201CC6BB00C143D5 /* AppDelegate.swift */ = {isa = PBXFileReference; lastKnownFileType = sourcecode.swift; path = AppDelegate.swift; sourceTree = "<group>"; };
		414AA7D8201CC6BB00C143D5 /* ViewController.swift */ = {isa = PBXFileReference; lastKnownFileType = sourcecode.swift; path = ViewController.swift; sourceTree = "<group>"; };
		414AA7DB201CC6BB00C143D5 /* Base */ = {isa = PBXFileReference; lastKnownFileType = file.storyboard; name = Base; path = Base.lproj/Main.storyboard; sourceTree = "<group>"; };
		414AA7DD201CC6BB00C143D5 /* Assets.xcassets */ = {isa = PBXFileReference; lastKnownFileType = folder.assetcatalog; path = Assets.xcassets; sourceTree = "<group>"; };
		414AA7E0201CC6BB00C143D5 /* Base */ = {isa = PBXFileReference; lastKnownFileType = file.storyboard; name = Base; path = Base.lproj/LaunchScreen.storyboard; sourceTree = "<group>"; };
		414AA7E2201CC6BB00C143D5 /* Info.plist */ = {isa = PBXFileReference; lastKnownFileType = text.plist.xml; path = Info.plist; sourceTree = "<group>"; };
/* End PBXFileReference section */

/* Begin PBXFrameworksBuildPhase section */
		414AA7D0201CC6BB00C143D5 /* Frameworks */ = {
			isa = PBXFrameworksBuildPhase;
			buildActionMask = 2147483647;
			files = (
			);
			runOnlyForDeploymentPostprocessing = 0;
		};
/* End PBXFrameworksBuildPhase section */

/* Begin PBXGroup section */
		414AA7CA201CC6BB00C143D5 = {
			isa = PBXGroup;
			children = (
				414AA7D5201CC6BB00C143D5 /* Color matching */,
				414AA7D4201CC6BB00C143D5 /* Products */,
			);
			sourceTree = "<group>";
		};
		414AA7D4201CC6BB00C143D5 /* Products */ = {
			isa = PBXGroup;
			children = (
				414AA7D3201CC6BB00C143D5 /* Color matching.app */,
			);
			name = Products;
			sourceTree = "<group>";
		};
		414AA7D5201CC6BB00C143D5 /* Color matching */ = {
			isa = PBXGroup;
			children = (
				414AA7D6201CC6BB00C143D5 /* AppDelegate.swift */,
				414AA7E2201CC6BB00C143D5 /* Info.plist */,
				414AA7DF201CC6BB00C143D5 /* LaunchScreen.storyboard */,
				414AA7DD201CC6BB00C143D5 /* Assets.xcassets */,
				414AA7E8201CC7D400C143D5 /* Supporting */,
				414AA7D8201CC6BB00C143D5 /* ViewController.swift */,
				414AA7DA201CC6BB00C143D5 /* Main.storyboard */,
			);
			path = "Color matching";
			sourceTree = "<group>";
		};
		414AA7E8201CC7D400C143D5 /* Supporting */ = {
			isa = PBXGroup;
			children = (
			);
			path = Supporting;
			sourceTree = "<group>";
		};
/* End PBXGroup section */

/* Begin PBXNativeTarget section */
		414AA7D2201CC6BB00C143D5 /* Color matching */ = {
			isa = PBXNativeTarget;
			buildConfigurationList = 414AA7E5201CC6BB00C143D5 /* Build configuration list for PBXNativeTarget "Color matching" */;
			buildPhases = (
				414AA7CF201CC6BB00C143D5 /* Sources */,
				414AA7D0201CC6BB00C143D5 /* Frameworks */,
				414AA7D1201CC6BB00C143D5 /* Resources */,
			);
			buildRules = (
			);
			dependencies = (
			);
			name = "Color matching";
			productName = "Color matching";
			productReference = 414AA7D3201CC6BB00C143D5 /* Color matching.app */;
			productType = "com.apple.product-type.application";
		};
/* End PBXNativeTarget section */

/* Begin PBXProject section */
		414AA7CB201CC6BB00C143D5 /* Project object */ = {
			isa = PBXProject;
			attributes = {
				LastSwiftUpdateCheck = 0900;
				LastUpgradeCheck = 0900;
				ORGANIZATIONNAME = Alibi;
				TargetAttributes = {
					414AA7D2201CC6BB00C143D5 = {
						CreatedOnToolsVersion = 9.0.1;
						ProvisioningStyle = Automatic;
					};
				};
			};
			buildConfigurationList = 414AA7CE201CC6BB00C143D5 /* Build configuration list for PBXProject "Color matching" */;
			compatibilityVersion = "Xcode 8.0";
			developmentRegion = en;
			hasScannedForEncodings = 0;
			knownRegions = (
				en,
				Base,
			);
			mainGroup = 414AA7CA201CC6BB00C143D5;
			productRefGroup = 414AA7D4201CC6BB00C143D5 /* Products */;
			projectDirPath = "";
			projectRoot = "";
			targets = (
				414AA7D2201CC6BB00C143D5 /* Color matching */,
			);
		};
/* End PBXProject section */

/* Begin PBXResourcesBuildPhase section */
		414AA7D1201CC6BB00C143D5 /* Resources */ = {
			isa = PBXResourcesBuildPhase;
			buildActionMask = 2147483647;
			files = (
				414AA7E1201CC6BB00C143D5 /* LaunchScreen.storyboard in Resources */,
				414AA7DE201CC6BB00C143D5 /* Assets.xcassets in Resources */,
				414AA7DC201CC6BB00C143D5 /* Main.storyboard in Resources */,
			);
			runOnlyForDeploymentPostprocessing = 0;
		};
/* End PBXResourcesBuildPhase section */

/* Begin PBXSourcesBuildPhase section */
		414AA7CF201CC6BB00C143D5 /* Sources */ = {
			isa = PBXSourcesBuildPhase;
			buildActionMask = 2147483647;
			files = (
				414AA7D9201CC6BB00C143D5 /* ViewController.swift in Sources */,
				414AA7D7201CC6BB00C143D5 /* AppDelegate.swift in Sources */,
			);
			runOnlyForDeploymentPostprocessing = 0;
		};
/* End PBXSourcesBuildPhase section */

/* Begin PBXVariantGroup section */
		414AA7DA201CC6BB00C143D5 /* Main.storyboard */ = {
			isa = PBXVariantGroup;
			children = (
				414AA7DB201CC6BB00C143D5 /* Base */,
			);
			name = Main.storyboard;
			sourceTree = "<group>";
		};
		414AA7DF201CC6BB00C143D5 /* LaunchScreen.storyboard */ = {
			isa = PBXVariantGroup;
			children = (
				414AA7E0201CC6BB00C143D5 /* Base */,
			);
			name = LaunchScreen.storyboard;
			sourceTree = "<group>";
		};
/* End PBXVariantGroup section */

/* Begin XCBuildConfiguration section */
		414AA7E3201CC6BB00C143D5 /* Debug */ = {
			isa = XCBuildConfiguration;
			buildSettings = {
				ALWAYS_SEARCH_USER_PATHS = NO;
				CLANG_ANALYZER_NONNULL = YES;
				CLANG_ANALYZER_NUMBER_OBJECT_CONVERSION = YES_AGGRESSIVE;
				CLANG_CXX_LANGUAGE_STANDARD = "gnu++14";
				CLANG_CXX_LIBRARY = "libc++";
				CLANG_ENABLE_MODULES = YES;
				CLANG_ENABLE_OBJC_ARC = YES;
				CLANG_WARN_BLOCK_CAPTURE_AUTORELEASING = YES;
				CLANG_WARN_BOOL_CONVERSION = YES;
				CLANG_WARN_COMMA = YES;
				CLANG_WARN_CONSTANT_CONVERSION = YES;
				CLANG_WARN_DIRECT_OBJC_ISA_USAGE = YES_ERROR;
				CLANG_WARN_DOCUMENTATION_COMMENTS = YES;
				CLANG_WARN_EMPTY_BODY = YES;
				CLANG_WARN_ENUM_CONVERSION = YES;
				CLANG_WARN_INFINITE_RECURSION = YES;
				CLANG_WARN_INT_CONVERSION = YES;
				CLANG_WARN_NON_LITERAL_NULL_CONVERSION = YES;
				CLANG_WARN_OBJC_LITERAL_CONVERSION = YES;
				CLANG_WARN_OBJC_ROOT_CLASS = YES_ERROR;
				CLANG_WARN_RANGE_LOOP_ANALYSIS = YES;
				CLANG_WARN_STRICT_PROTOTYPES = YES;
				CLANG_WARN_SUSPICIOUS_MOVE = YES;
				CLANG_WARN_UNGUARDED_AVAILABILITY = YES_AGGRESSIVE;
				CLANG_WARN_UNREACHABLE_CODE = YES;
				CLANG_WARN__DUPLICATE_METHOD_MATCH = YES;
				CODE_SIGN_IDENTITY = "iPhone Developer";
				COPY_PHASE_STRIP = NO;
				DEBUG_INFORMATION_FORMAT = dwarf;
				ENABLE_STRICT_OBJC_MSGSEND = YES;
				ENABLE_TESTABILITY = YES;
				GCC_C_LANGUAGE_STANDARD = gnu11;
				GCC_DYNAMIC_NO_PIC = NO;
				GCC_NO_COMMON_BLOCKS = YES;
				GCC_OPTIMIZATION_LEVEL = 0;
				GCC_PREPROCESSOR_DEFINITIONS = (
					"DEBUG=1",
					"$(inherited)",
				);
				GCC_WARN_64_TO_32_BIT_CONVERSION = YES;
				GCC_WARN_ABOUT_RETURN_TYPE = YES_ERROR;
				GCC_WARN_UNDECLARED_SELECTOR = YES;
				GCC_WARN_UNINITIALIZED_AUTOS = YES_AGGRESSIVE;
				GCC_WARN_UNUSED_FUNCTION = YES;
				GCC_WARN_UNUSED_VARIABLE = YES;
				IPHONEOS_DEPLOYMENT_TARGET = 11.0;
				MTL_ENABLE_DEBUG_INFO = YES;
				ONLY_ACTIVE_ARCH = YES;
				SDKROOT = iphoneos;
				SWIFT_ACTIVE_COMPILATION_CONDITIONS = DEBUG;
				SWIFT_OPTIMIZATION_LEVEL = "-Onone";
			};
			name = Debug;
		};
		414AA7E4201CC6BB00C143D5 /* Release */ = {
			isa = XCBuildConfiguration;
			buildSettings = {
				ALWAYS_SEARCH_USER_PATHS = NO;
				CLANG_ANALYZER_NONNULL = YES;
				CLANG_ANALYZER_NUMBER_OBJECT_CONVERSION = YES_AGGRESSIVE;
				CLANG_CXX_LANGUAGE_STANDARD = "gnu++14";
				CLANG_CXX_LIBRARY = "libc++";
				CLANG_ENABLE_MODULES = YES;
				CLANG_ENABLE_OBJC_ARC = YES;
				CLANG_WARN_BLOCK_CAPTURE_AUTORELEASING = YES;
				CLANG_WARN_BOOL_CONVERSION = YES;
				CLANG_WARN_COMMA = YES;
				CLANG_WARN_CONSTANT_CONVERSION = YES;
				CLANG_WARN_DIRECT_OBJC_ISA_USAGE = YES_ERROR;
				CLANG_WARN_DOCUMENTATION_COMMENTS = YES;
				CLANG_WARN_EMPTY_BODY = YES;
				CLANG_WARN_ENUM_CONVERSION = YES;
				CLANG_WARN_INFINITE_RECURSION = YES;
				CLANG_WARN_INT_CONVERSION = YES;
				CLANG_WARN_NON_LITERAL_NULL_CONVERSION = YES;
				CLANG_WARN_OBJC_LITERAL_CONVERSION = YES;
				CLANG_WARN_OBJC_ROOT_CLASS = YES_ERROR;
				CLANG_WARN_RANGE_LOOP_ANALYSIS = YES;
				CLANG_WARN_STRICT_PROTOTYPES = YES;
				CLANG_WARN_SUSPICIOUS_MOVE = YES;
				CLANG_WARN_UNGUARDED_AVAILABILITY = YES_AGGRESSIVE;
				CLANG_WARN_UNREACHABLE_CODE = YES;
				CLANG_WARN__DUPLICATE_METHOD_MATCH = YES;
				CODE_SIGN_IDENTITY = "iPhone Developer";
				COPY_PHASE_STRIP = NO;
				DEBUG_INFORMATION_FORMAT = "dwarf-with-dsym";
				ENABLE_NS_ASSERTIONS = NO;
				ENABLE_STRICT_OBJC_MSGSEND = YES;
				GCC_C_LANGUAGE_STANDARD = gnu11;
				GCC_NO_COMMON_BLOCKS = YES;
				GCC_WARN_64_TO_32_BIT_CONVERSION = YES;
				GCC_WARN_ABOUT_RETURN_TYPE = YES_ERROR;
				GCC_WARN_UNDECLARED_SELECTOR = YES;
				GCC_WARN_UNINITIALIZED_AUTOS = YES_AGGRESSIVE;
				GCC_WARN_UNUSED_FUNCTION = YES;
				GCC_WARN_UNUSED_VARIABLE = YES;
				IPHONEOS_DEPLOYMENT_TARGET = 11.0;
				MTL_ENABLE_DEBUG_INFO = NO;
				SDKROOT = iphoneos;
				SWIFT_OPTIMIZATION_LEVEL = "-Owholemodule";
				VALIDATE_PRODUCT = YES;
			};
			name = Release;
		};
		414AA7E6201CC6BB00C143D5 /* Debug */ = {
			isa = XCBuildConfiguration;
			buildSettings = {
				ASSETCATALOG_COMPILER_APPICON_NAME = AppIcon;
				CODE_SIGN_STYLE = Automatic;
				DEVELOPMENT_TEAM = M3VBZQ2T2N;
				INFOPLIST_FILE = "Color matching/Info.plist";
				IPHONEOS_DEPLOYMENT_TARGET = 11.0;
				LD_RUNPATH_SEARCH_PATHS = "$(inherited) @executable_path/Frameworks";
				PRODUCT_BUNDLE_IDENTIFIER = "com.alibi.Color-matching";
				PRODUCT_NAME = "$(TARGET_NAME)";
				SWIFT_VERSION = 4.0;
				TARGETED_DEVICE_FAMILY = 1;
			};
			name = Debug;
		};
		414AA7E7201CC6BB00C143D5 /* Release */ = {
			isa = XCBuildConfiguration;
			buildSettings = {
				ASSETCATALOG_COMPILER_APPICON_NAME = AppIcon;
				CODE_SIGN_STYLE = Automatic;
				DEVELOPMENT_TEAM = M3VBZQ2T2N;
				INFOPLIST_FILE = "Color matching/Info.plist";
				IPHONEOS_DEPLOYMENT_TARGET = 11.0;
				LD_RUNPATH_SEARCH_PATHS = "$(inherited) @executable_path/Frameworks";
				PRODUCT_BUNDLE_IDENTIFIER = "com.alibi.Color-matching";
				PRODUCT_NAME = "$(TARGET_NAME)";
				SWIFT_VERSION = 4.0;
				TARGETED_DEVICE_FAMILY = 1;
			};
			name = Release;
		};
/* End XCBuildConfiguration section */

/* Begin XCConfigurationList section */
		414AA7CE201CC6BB00C143D5 /* Build configuration list for PBXProject "Color matching" */ = {
			isa = XCConfigurationList;
			buildConfigurations = (
				414AA7E3201CC6BB00C143D5 /* Debug */,
				414AA7E4201CC6BB00C143D5 /* Release */,
			);
			defaultConfigurationIsVisible = 0;
			defaultConfigurationName = Release;
		};
		414AA7E5201CC6BB00C143D5 /* Build configuration list for PBXNativeTarget "Color matching" */ = {
			isa = XCConfigurationList;
			buildConfigurations = (
				414AA7E6201CC6BB00C143D5 /* Debug */,
				414AA7E7201CC6BB00C143D5 /* Release */,
			);
			defaultConfigurationIsVisible = 0;
			defaultConfigurationName = Release;
		};
/* End XCConfigurationList section */
	};
	rootObject = 414AA7CB201CC6BB00C143D5 /* Project object */;
}
