// !$*UTF8*$!
{
	archiveVersion = 1;
	classes = {
	};
	objectVersion = 50;
	objects = {

/* Begin PBXBuildFile section */
		4198919C243185E4009F3688 /* AppDelegate.swift in Sources */ = {isa = PBXBuildFile; fileRef = 4198919B243185E4009F3688 /* AppDelegate.swift */; };
		4198919E243185E4009F3688 /* SceneDelegate.swift in Sources */ = {isa = PBXBuildFile; fileRef = 4198919D243185E4009F3688 /* SceneDelegate.swift */; };
		419891A0243185E4009F3688 /* ViewController.swift in Sources */ = {isa = PBXBuildFile; fileRef = 4198919F243185E4009F3688 /* ViewController.swift */; };
		419891A3243185E4009F3688 /* Main.storyboard in Resources */ = {isa = PBXBuildFile; fileRef = 419891A1243185E4009F3688 /* Main.storyboard */; };
		419891A5243185EB009F3688 /* Assets.xcassets in Resources */ = {isa = PBXBuildFile; fileRef = 419891A4243185EB009F3688 /* Assets.xcassets */; };
		419891A8243185EB009F3688 /* LaunchScreen.storyboard in Resources */ = {isa = PBXBuildFile; fileRef = 419891A6243185EB009F3688 /* LaunchScreen.storyboard */; };
		419891B3243185EB009F3688 /* BuggyTests.swift in Sources */ = {isa = PBXBuildFile; fileRef = 419891B2243185EB009F3688 /* BuggyTests.swift */; };
		419891BE243185EB009F3688 /* BuggyUITests.swift in Sources */ = {isa = PBXBuildFile; fileRef = 419891BD243185EB009F3688 /* BuggyUITests.swift */; };
/* End PBXBuildFile section */

/* Begin PBXContainerItemProxy section */
		419891AF243185EB009F3688 /* PBXContainerItemProxy */ = {
			isa = PBXContainerItemProxy;
			containerPortal = 41989190243185E3009F3688 /* Project object */;
			proxyType = 1;
			remoteGlobalIDString = 41989197243185E4009F3688;
			remoteInfo = Buggy;
		};
		419891BA243185EB009F3688 /* PBXContainerItemProxy */ = {
			isa = PBXContainerItemProxy;
			containerPortal = 41989190243185E3009F3688 /* Project object */;
			proxyType = 1;
			remoteGlobalIDString = 41989197243185E4009F3688;
			remoteInfo = Buggy;
		};
/* End PBXContainerItemProxy section */

/* Begin PBXFileReference section */
		41989198243185E4009F3688 /* Buggy.app */ = {isa = PBXFileReference; explicitFileType = wrapper.application; includeInIndex = 0; path = Buggy.app; sourceTree = BUILT_PRODUCTS_DIR; };
		4198919B243185E4009F3688 /* AppDelegate.swift */ = {isa = PBXFileReference; lastKnownFileType = sourcecode.swift; path = AppDelegate.swift; sourceTree = "<group>"; };
		4198919D243185E4009F3688 /* SceneDelegate.swift */ = {isa = PBXFileReference; lastKnownFileType = sourcecode.swift; path = SceneDelegate.swift; sourceTree = "<group>"; };
		4198919F243185E4009F3688 /* ViewController.swift */ = {isa = PBXFileReference; lastKnownFileType = sourcecode.swift; path = ViewController.swift; sourceTree = "<group>"; };
		419891A2243185E4009F3688 /* Base */ = {isa = PBXFileReference; lastKnownFileType = file.storyboard; name = Base; path = Base.lproj/Main.storyboard; sourceTree = "<group>"; };
		419891A4243185EB009F3688 /* Assets.xcassets */ = {isa = PBXFileReference; lastKnownFileType = folder.assetcatalog; path = Assets.xcassets; sourceTree = "<group>"; };
		419891A7243185EB009F3688 /* Base */ = {isa = PBXFileReference; lastKnownFileType = file.storyboard; name = Base; path = Base.lproj/LaunchScreen.storyboard; sourceTree = "<group>"; };
		419891A9243185EB009F3688 /* Info.plist */ = {isa = PBXFileReference; lastKnownFileType = text.plist.xml; path = Info.plist; sourceTree = "<group>"; };
		419891AE243185EB009F3688 /* BuggyTests.xctest */ = {isa = PBXFileReference; explicitFileType = wrapper.cfbundle; includeInIndex = 0; path = BuggyTests.xctest; sourceTree = BUILT_PRODUCTS_DIR; };
		419891B2243185EB009F3688 /* BuggyTests.swift */ = {isa = PBXFileReference; lastKnownFileType = sourcecode.swift; path = BuggyTests.swift; sourceTree = "<group>"; };
		419891B4243185EB009F3688 /* Info.plist */ = {isa = PBXFileReference; lastKnownFileType = text.plist.xml; path = Info.plist; sourceTree = "<group>"; };
		419891B9243185EB009F3688 /* BuggyUITests.xctest */ = {isa = PBXFileReference; explicitFileType = wrapper.cfbundle; includeInIndex = 0; path = BuggyUITests.xctest; sourceTree = BUILT_PRODUCTS_DIR; };
		419891BD243185EB009F3688 /* BuggyUITests.swift */ = {isa = PBXFileReference; lastKnownFileType = sourcecode.swift; path = BuggyUITests.swift; sourceTree = "<group>"; };
		419891BF243185EB009F3688 /* Info.plist */ = {isa = PBXFileReference; lastKnownFileType = text.plist.xml; path = Info.plist; sourceTree = "<group>"; };
/* End PBXFileReference section */

/* Begin PBXFrameworksBuildPhase section */
		41989195243185E4009F3688 /* Frameworks */ = {
			isa = PBXFrameworksBuildPhase;
			buildActionMask = 2147483647;
			files = (
			);
			runOnlyForDeploymentPostprocessing = 0;
		};
		419891AB243185EB009F3688 /* Frameworks */ = {
			isa = PBXFrameworksBuildPhase;
			buildActionMask = 2147483647;
			files = (
			);
			runOnlyForDeploymentPostprocessing = 0;
		};
		419891B6243185EB009F3688 /* Frameworks */ = {
			isa = PBXFrameworksBuildPhase;
			buildActionMask = 2147483647;
			files = (
			);
			runOnlyForDeploymentPostprocessing = 0;
		};
/* End PBXFrameworksBuildPhase section */

/* Begin PBXGroup section */
		4198918F243185E3009F3688 = {
			isa = PBXGroup;
			children = (
				4198919A243185E4009F3688 /* Buggy */,
				419891B1243185EB009F3688 /* BuggyTests */,
				419891BC243185EB009F3688 /* BuggyUITests */,
				41989199243185E4009F3688 /* Products */,
			);
			sourceTree = "<group>";
		};
		41989199243185E4009F3688 /* Products */ = {
			isa = PBXGroup;
			children = (
				41989198243185E4009F3688 /* Buggy.app */,
				419891AE243185EB009F3688 /* BuggyTests.xctest */,
				419891B9243185EB009F3688 /* BuggyUITests.xctest */,
			);
			name = Products;
			sourceTree = "<group>";
		};
		4198919A243185E4009F3688 /* Buggy */ = {
			isa = PBXGroup;
			children = (
				4198919B243185E4009F3688 /* AppDelegate.swift */,
				4198919D243185E4009F3688 /* SceneDelegate.swift */,
				4198919F243185E4009F3688 /* ViewController.swift */,
				419891A1243185E4009F3688 /* Main.storyboard */,
				419891A4243185EB009F3688 /* Assets.xcassets */,
				419891A6243185EB009F3688 /* LaunchScreen.storyboard */,
				419891A9243185EB009F3688 /* Info.plist */,
			);
			path = Buggy;
			sourceTree = "<group>";
		};
		419891B1243185EB009F3688 /* BuggyTests */ = {
			isa = PBXGroup;
			children = (
				419891B2243185EB009F3688 /* BuggyTests.swift */,
				419891B4243185EB009F3688 /* Info.plist */,
			);
			path = BuggyTests;
			sourceTree = "<group>";
		};
		419891BC243185EB009F3688 /* BuggyUITests */ = {
			isa = PBXGroup;
			children = (
				419891BD243185EB009F3688 /* BuggyUITests.swift */,
				419891BF243185EB009F3688 /* Info.plist */,
			);
			path = BuggyUITests;
			sourceTree = "<group>";
		};
/* End PBXGroup section */

/* Begin PBXNativeTarget section */
		41989197243185E4009F3688 /* Buggy */ = {
			isa = PBXNativeTarget;
			buildConfigurationList = 419891C2243185EB009F3688 /* Build configuration list for PBXNativeTarget "Buggy" */;
			buildPhases = (
				41989194243185E4009F3688 /* Sources */,
				41989195243185E4009F3688 /* Frameworks */,
				41989196243185E4009F3688 /* Resources */,
			);
			buildRules = (
			);
			dependencies = (
			);
			name = Buggy;
			productName = Buggy;
			productReference = 41989198243185E4009F3688 /* Buggy.app */;
			productType = "com.apple.product-type.application";
		};
		419891AD243185EB009F3688 /* BuggyTests */ = {
			isa = PBXNativeTarget;
			buildConfigurationList = 419891C5243185EB009F3688 /* Build configuration list for PBXNativeTarget "BuggyTests" */;
			buildPhases = (
				419891AA243185EB009F3688 /* Sources */,
				419891AB243185EB009F3688 /* Frameworks */,
				419891AC243185EB009F3688 /* Resources */,
			);
			buildRules = (
			);
			dependencies = (
				419891B0243185EB009F3688 /* PBXTargetDependency */,
			);
			name = BuggyTests;
			productName = BuggyTests;
			productReference = 419891AE243185EB009F3688 /* BuggyTests.xctest */;
			productType = "com.apple.product-type.bundle.unit-test";
		};
		419891B8243185EB009F3688 /* BuggyUITests */ = {
			isa = PBXNativeTarget;
			buildConfigurationList = 419891C8243185EB009F3688 /* Build configuration list for PBXNativeTarget "BuggyUITests" */;
			buildPhases = (
				419891B5243185EB009F3688 /* Sources */,
				419891B6243185EB009F3688 /* Frameworks */,
				419891B7243185EB009F3688 /* Resources */,
			);
			buildRules = (
			);
			dependencies = (
				419891BB243185EB009F3688 /* PBXTargetDependency */,
			);
			name = BuggyUITests;
			productName = BuggyUITests;
			productReference = 419891B9243185EB009F3688 /* BuggyUITests.xctest */;
			productType = "com.apple.product-type.bundle.ui-testing";
		};
/* End PBXNativeTarget section */

/* Begin PBXProject section */
		41989190243185E3009F3688 /* Project object */ = {
			isa = PBXProject;
			attributes = {
				LastSwiftUpdateCheck = 1140;
				LastUpgradeCheck = 1140;
				ORGANIZATIONNAME = Alibi;
				TargetAttributes = {
					41989197243185E4009F3688 = {
						CreatedOnToolsVersion = 11.4;
					};
					419891AD243185EB009F3688 = {
						CreatedOnToolsVersion = 11.4;
						TestTargetID = 41989197243185E4009F3688;
					};
					419891B8243185EB009F3688 = {
						CreatedOnToolsVersion = 11.4;
						TestTargetID = 41989197243185E4009F3688;
					};
				};
			};
			buildConfigurationList = 41989193243185E3009F3688 /* Build configuration list for PBXProject "Buggy" */;
			compatibilityVersion = "Xcode 9.3";
			developmentRegion = en;
			hasScannedForEncodings = 0;
			knownRegions = (
				en,
				Base,
			);
			mainGroup = 4198918F243185E3009F3688;
			productRefGroup = 41989199243185E4009F3688 /* Products */;
			projectDirPath = "";
			projectRoot = "";
			targets = (
				41989197243185E4009F3688 /* Buggy */,
				419891AD243185EB009F3688 /* BuggyTests */,
				419891B8243185EB009F3688 /* BuggyUITests */,
			);
		};
/* End PBXProject section */

/* Begin PBXResourcesBuildPhase section */
		41989196243185E4009F3688 /* Resources */ = {
			isa = PBXResourcesBuildPhase;
			buildActionMask = 2147483647;
			files = (
				419891A8243185EB009F3688 /* LaunchScreen.storyboard in Resources */,
				419891A5243185EB009F3688 /* Assets.xcassets in Resources */,
				419891A3243185E4009F3688 /* Main.storyboard in Resources */,
			);
			runOnlyForDeploymentPostprocessing = 0;
		};
		419891AC243185EB009F3688 /* Resources */ = {
			isa = PBXResourcesBuildPhase;
			buildActionMask = 2147483647;
			files = (
			);
			runOnlyForDeploymentPostprocessing = 0;
		};
		419891B7243185EB009F3688 /* Resources */ = {
			isa = PBXResourcesBuildPhase;
			buildActionMask = 2147483647;
			files = (
			);
			runOnlyForDeploymentPostprocessing = 0;
		};
/* End PBXResourcesBuildPhase section */

/* Begin PBXSourcesBuildPhase section */
		41989194243185E4009F3688 /* Sources */ = {
			isa = PBXSourcesBuildPhase;
			buildActionMask = 2147483647;
			files = (
				419891A0243185E4009F3688 /* ViewController.swift in Sources */,
				4198919C243185E4009F3688 /* AppDelegate.swift in Sources */,
				4198919E243185E4009F3688 /* SceneDelegate.swift in Sources */,
			);
			runOnlyForDeploymentPostprocessing = 0;
		};
		419891AA243185EB009F3688 /* Sources */ = {
			isa = PBXSourcesBuildPhase;
			buildActionMask = 2147483647;
			files = (
				419891B3243185EB009F3688 /* BuggyTests.swift in Sources */,
			);
			runOnlyForDeploymentPostprocessing = 0;
		};
		419891B5243185EB009F3688 /* Sources */ = {
			isa = PBXSourcesBuildPhase;
			buildActionMask = 2147483647;
			files = (
				419891BE243185EB009F3688 /* BuggyUITests.swift in Sources */,
			);
			runOnlyForDeploymentPostprocessing = 0;
		};
/* End PBXSourcesBuildPhase section */

/* Begin PBXTargetDependency section */
		419891B0243185EB009F3688 /* PBXTargetDependency */ = {
			isa = PBXTargetDependency;
			target = 41989197243185E4009F3688 /* Buggy */;
			targetProxy = 419891AF243185EB009F3688 /* PBXContainerItemProxy */;
		};
		419891BB243185EB009F3688 /* PBXTargetDependency */ = {
			isa = PBXTargetDependency;
			target = 41989197243185E4009F3688 /* Buggy */;
			targetProxy = 419891BA243185EB009F3688 /* PBXContainerItemProxy */;
		};
/* End PBXTargetDependency section */

/* Begin PBXVariantGroup section */
		419891A1243185E4009F3688 /* Main.storyboard */ = {
			isa = PBXVariantGroup;
			children = (
				419891A2243185E4009F3688 /* Base */,
			);
			name = Main.storyboard;
			sourceTree = "<group>";
		};
		419891A6243185EB009F3688 /* LaunchScreen.storyboard */ = {
			isa = PBXVariantGroup;
			children = (
				419891A7243185EB009F3688 /* Base */,
			);
			name = LaunchScreen.storyboard;
			sourceTree = "<group>";
		};
/* End PBXVariantGroup section */

/* Begin XCBuildConfiguration section */
		419891C0243185EB009F3688 /* Debug */ = {
			isa = XCBuildConfiguration;
			buildSettings = {
				ALWAYS_SEARCH_USER_PATHS = NO;
				CLANG_ANALYZER_NONNULL = YES;
				CLANG_ANALYZER_NUMBER_OBJECT_CONVERSION = YES_AGGRESSIVE;
				CLANG_CXX_LANGUAGE_STANDARD = "gnu++14";
				CLANG_CXX_LIBRARY = "libc++";
				CLANG_ENABLE_MODULES = YES;
				CLANG_ENABLE_OBJC_ARC = YES;
				CLANG_ENABLE_OBJC_WEAK = YES;
				CLANG_WARN_BLOCK_CAPTURE_AUTORELEASING = YES;
				CLANG_WARN_BOOL_CONVERSION = YES;
				CLANG_WARN_COMMA = YES;
				CLANG_WARN_CONSTANT_CONVERSION = YES;
				CLANG_WARN_DEPRECATED_OBJC_IMPLEMENTATIONS = YES;
				CLANG_WARN_DIRECT_OBJC_ISA_USAGE = YES_ERROR;
				CLANG_WARN_DOCUMENTATION_COMMENTS = YES;
				CLANG_WARN_EMPTY_BODY = YES;
				CLANG_WARN_ENUM_CONVERSION = YES;
				CLANG_WARN_INFINITE_RECURSION = YES;
				CLANG_WARN_INT_CONVERSION = YES;
				CLANG_WARN_NON_LITERAL_NULL_CONVERSION = YES;
				CLANG_WARN_OBJC_IMPLICIT_RETAIN_SELF = YES;
				CLANG_WARN_OBJC_LITERAL_CONVERSION = YES;
				CLANG_WARN_OBJC_ROOT_CLASS = YES_ERROR;
				CLANG_WARN_RANGE_LOOP_ANALYSIS = YES;
				CLANG_WARN_STRICT_PROTOTYPES = YES;
				CLANG_WARN_SUSPICIOUS_MOVE = YES;
				CLANG_WARN_UNGUARDED_AVAILABILITY = YES_AGGRESSIVE;
				CLANG_WARN_UNREACHABLE_CODE = YES;
				CLANG_WARN__DUPLICATE_METHOD_MATCH = YES;
				COPY_PHASE_STRIP = NO;
				DEBUG_INFORMATION_FORMAT = dwarf;
				ENABLE_STRICT_OBJC_MSGSEND = YES;
				ENABLE_TESTABILITY = YES;
				GCC_C_LANGUAGE_STANDARD = gnu11;
				GCC_DYNAMIC_NO_PIC = NO;
				GCC_NO_COMMON_BLOCKS = YES;
				GCC_OPTIMIZATION_LEVEL = 0;
				GCC_PREPROCESSOR_DEFINITIONS = (
					"DEBUG=1",
					"$(inherited)",
				);
				GCC_WARN_64_TO_32_BIT_CONVERSION = YES;
				GCC_WARN_ABOUT_RETURN_TYPE = YES_ERROR;
				GCC_WARN_UNDECLARED_SELECTOR = YES;
				GCC_WARN_UNINITIALIZED_AUTOS = YES_AGGRESSIVE;
				GCC_WARN_UNUSED_FUNCTION = YES;
				GCC_WARN_UNUSED_VARIABLE = YES;
				IPHONEOS_DEPLOYMENT_TARGET = 13.4;
				MTL_ENABLE_DEBUG_INFO = INCLUDE_SOURCE;
				MTL_FAST_MATH = YES;
				ONLY_ACTIVE_ARCH = YES;
				SDKROOT = iphoneos;
				SWIFT_ACTIVE_COMPILATION_CONDITIONS = DEBUG;
				SWIFT_OPTIMIZATION_LEVEL = "-Onone";
			};
			name = Debug;
		};
		419891C1243185EB009F3688 /* Release */ = {
			isa = XCBuildConfiguration;
			buildSettings = {
				ALWAYS_SEARCH_USER_PATHS = NO;
				CLANG_ANALYZER_NONNULL = YES;
				CLANG_ANALYZER_NUMBER_OBJECT_CONVERSION = YES_AGGRESSIVE;
				CLANG_CXX_LANGUAGE_STANDARD = "gnu++14";
				CLANG_CXX_LIBRARY = "libc++";
				CLANG_ENABLE_MODULES = YES;
				CLANG_ENABLE_OBJC_ARC = YES;
				CLANG_ENABLE_OBJC_WEAK = YES;
				CLANG_WARN_BLOCK_CAPTURE_AUTORELEASING = YES;
				CLANG_WARN_BOOL_CONVERSION = YES;
				CLANG_WARN_COMMA = YES;
				CLANG_WARN_CONSTANT_CONVERSION = YES;
				CLANG_WARN_DEPRECATED_OBJC_IMPLEMENTATIONS = YES;
				CLANG_WARN_DIRECT_OBJC_ISA_USAGE = YES_ERROR;
				CLANG_WARN_DOCUMENTATION_COMMENTS = YES;
				CLANG_WARN_EMPTY_BODY = YES;
				CLANG_WARN_ENUM_CONVERSION = YES;
				CLANG_WARN_INFINITE_RECURSION = YES;
				CLANG_WARN_INT_CONVERSION = YES;
				CLANG_WARN_NON_LITERAL_NULL_CONVERSION = YES;
				CLANG_WARN_OBJC_IMPLICIT_RETAIN_SELF = YES;
				CLANG_WARN_OBJC_LITERAL_CONVERSION = YES;
				CLANG_WARN_OBJC_ROOT_CLASS = YES_ERROR;
				CLANG_WARN_RANGE_LOOP_ANALYSIS = YES;
				CLANG_WARN_STRICT_PROTOTYPES = YES;
				CLANG_WARN_SUSPICIOUS_MOVE = YES;
				CLANG_WARN_UNGUARDED_AVAILABILITY = YES_AGGRESSIVE;
				CLANG_WARN_UNREACHABLE_CODE = YES;
				CLANG_WARN__DUPLICATE_METHOD_MATCH = YES;
				COPY_PHASE_STRIP = NO;
				DEBUG_INFORMATION_FORMAT = "dwarf-with-dsym";
				ENABLE_NS_ASSERTIONS = NO;
				ENABLE_STRICT_OBJC_MSGSEND = YES;
				GCC_C_LANGUAGE_STANDARD = gnu11;
				GCC_NO_COMMON_BLOCKS = YES;
				GCC_WARN_64_TO_32_BIT_CONVERSION = YES;
				GCC_WARN_ABOUT_RETURN_TYPE = YES_ERROR;
				GCC_WARN_UNDECLARED_SELECTOR = YES;
				GCC_WARN_UNINITIALIZED_AUTOS = YES_AGGRESSIVE;
				GCC_WARN_UNUSED_FUNCTION = YES;
				GCC_WARN_UNUSED_VARIABLE = YES;
				IPHONEOS_DEPLOYMENT_TARGET = 13.4;
				MTL_ENABLE_DEBUG_INFO = NO;
				MTL_FAST_MATH = YES;
				SDKROOT = iphoneos;
				SWIFT_COMPILATION_MODE = wholemodule;
				SWIFT_OPTIMIZATION_LEVEL = "-O";
				VALIDATE_PRODUCT = YES;
			};
			name = Release;
		};
		419891C3243185EB009F3688 /* Debug */ = {
			isa = XCBuildConfiguration;
			buildSettings = {
				ASSETCATALOG_COMPILER_APPICON_NAME = AppIcon;
				CODE_SIGN_STYLE = Automatic;
				INFOPLIST_FILE = Buggy/Info.plist;
				LD_RUNPATH_SEARCH_PATHS = (
					"$(inherited)",
					"@executable_path/Frameworks",
				);
				PRODUCT_BUNDLE_IDENTIFIER = com.alibi.Buggy;
				PRODUCT_NAME = "$(TARGET_NAME)";
				SWIFT_VERSION = 5.0;
				TARGETED_DEVICE_FAMILY = "1,2";
			};
			name = Debug;
		};
		419891C4243185EB009F3688 /* Release */ = {
			isa = XCBuildConfiguration;
			buildSettings = {
				ASSETCATALOG_COMPILER_APPICON_NAME = AppIcon;
				CODE_SIGN_STYLE = Automatic;
				INFOPLIST_FILE = Buggy/Info.plist;
				LD_RUNPATH_SEARCH_PATHS = (
					"$(inherited)",
					"@executable_path/Frameworks",
				);
				PRODUCT_BUNDLE_IDENTIFIER = com.alibi.Buggy;
				PRODUCT_NAME = "$(TARGET_NAME)";
				SWIFT_VERSION = 5.0;
				TARGETED_DEVICE_FAMILY = "1,2";
			};
			name = Release;
		};
		419891C6243185EB009F3688 /* Debug */ = {
			isa = XCBuildConfiguration;
			buildSettings = {
				ALWAYS_EMBED_SWIFT_STANDARD_LIBRARIES = YES;
				BUNDLE_LOADER = "$(TEST_HOST)";
				CODE_SIGN_STYLE = Automatic;
				INFOPLIST_FILE = BuggyTests/Info.plist;
				IPHONEOS_DEPLOYMENT_TARGET = 13.4;
				LD_RUNPATH_SEARCH_PATHS = (
					"$(inherited)",
					"@executable_path/Frameworks",
					"@loader_path/Frameworks",
				);
				PRODUCT_BUNDLE_IDENTIFIER = com.alibi.BuggyTests;
				PRODUCT_NAME = "$(TARGET_NAME)";
				SWIFT_VERSION = 5.0;
				TARGETED_DEVICE_FAMILY = "1,2";
				TEST_HOST = "$(BUILT_PRODUCTS_DIR)/Buggy.app/Buggy";
			};
			name = Debug;
		};
		419891C7243185EB009F3688 /* Release */ = {
			isa = XCBuildConfiguration;
			buildSettings = {
				ALWAYS_EMBED_SWIFT_STANDARD_LIBRARIES = YES;
				BUNDLE_LOADER = "$(TEST_HOST)";
				CODE_SIGN_STYLE = Automatic;
				INFOPLIST_FILE = BuggyTests/Info.plist;
				IPHONEOS_DEPLOYMENT_TARGET = 13.4;
				LD_RUNPATH_SEARCH_PATHS = (
					"$(inherited)",
					"@executable_path/Frameworks",
					"@loader_path/Frameworks",
				);
				PRODUCT_BUNDLE_IDENTIFIER = com.alibi.BuggyTests;
				PRODUCT_NAME = "$(TARGET_NAME)";
				SWIFT_VERSION = 5.0;
				TARGETED_DEVICE_FAMILY = "1,2";
				TEST_HOST = "$(BUILT_PRODUCTS_DIR)/Buggy.app/Buggy";
			};
			name = Release;
		};
		419891C9243185EB009F3688 /* Debug */ = {
			isa = XCBuildConfiguration;
			buildSettings = {
				ALWAYS_EMBED_SWIFT_STANDARD_LIBRARIES = YES;
				CODE_SIGN_STYLE = Automatic;
				INFOPLIST_FILE = BuggyUITests/Info.plist;
				LD_RUNPATH_SEARCH_PATHS = (
					"$(inherited)",
					"@executable_path/Frameworks",
					"@loader_path/Frameworks",
				);
				PRODUCT_BUNDLE_IDENTIFIER = com.alibi.BuggyUITests;
				PRODUCT_NAME = "$(TARGET_NAME)";
				SWIFT_VERSION = 5.0;
				TARGETED_DEVICE_FAMILY = "1,2";
				TEST_TARGET_NAME = Buggy;
			};
			name = Debug;
		};
		419891CA243185EB009F3688 /* Release */ = {
			isa = XCBuildConfiguration;
			buildSettings = {
				ALWAYS_EMBED_SWIFT_STANDARD_LIBRARIES = YES;
				CODE_SIGN_STYLE = Automatic;
				INFOPLIST_FILE = BuggyUITests/Info.plist;
				LD_RUNPATH_SEARCH_PATHS = (
					"$(inherited)",
					"@executable_path/Frameworks",
					"@loader_path/Frameworks",
				);
				PRODUCT_BUNDLE_IDENTIFIER = com.alibi.BuggyUITests;
				PRODUCT_NAME = "$(TARGET_NAME)";
				SWIFT_VERSION = 5.0;
				TARGETED_DEVICE_FAMILY = "1,2";
				TEST_TARGET_NAME = Buggy;
			};
			name = Release;
		};
/* End XCBuildConfiguration section */

/* Begin XCConfigurationList section */
		41989193243185E3009F3688 /* Build configuration list for PBXProject "Buggy" */ = {
			isa = XCConfigurationList;
			buildConfigurations = (
				419891C0243185EB009F3688 /* Debug */,
				419891C1243185EB009F3688 /* Release */,
			);
			defaultConfigurationIsVisible = 0;
			defaultConfigurationName = Release;
		};
		419891C2243185EB009F3688 /* Build configuration list for PBXNativeTarget "Buggy" */ = {
			isa = XCConfigurationList;
			buildConfigurations = (
				419891C3243185EB009F3688 /* Debug */,
				419891C4243185EB009F3688 /* Release */,
			);
			defaultConfigurationIsVisible = 0;
			defaultConfigurationName = Release;
		};
		419891C5243185EB009F3688 /* Build configuration list for PBXNativeTarget "BuggyTests" */ = {
			isa = XCConfigurationList;
			buildConfigurations = (
				419891C6243185EB009F3688 /* Debug */,
				419891C7243185EB009F3688 /* Release */,
			);
			defaultConfigurationIsVisible = 0;
			defaultConfigurationName = Release;
		};
		419891C8243185EB009F3688 /* Build configuration list for PBXNativeTarget "BuggyUITests" */ = {
			isa = XCConfigurationList;
			buildConfigurations = (
				419891C9243185EB009F3688 /* Debug */,
				419891CA243185EB009F3688 /* Release */,
			);
			defaultConfigurationIsVisible = 0;
			defaultConfigurationName = Release;
		};
/* End XCConfigurationList section */
	};
	rootObject = 41989190243185E3009F3688 /* Project object */;
}
